
Microsoft Visual Studio Solution File, Format Version 12.00
# Visual Studio Version 16
VisualStudioVersion = 16.0.32630.194
MinimumVisualStudioVersion = 10.0.40219.1
Project("{FAE04EC0-301F-11D3-BF4B-00C04F79EFBC}") = "2421_주경빈_동아리_Genetic_Algorithm", "2421_주경빈_동아리_Genetic_Algorithm\2421_주경빈_동아리_Genetic_Algorithm.csproj", "{7F0C21E3-A1AA-4E67-B889-8D4EF87FA852}"
EndProject
Global
	GlobalSection(SolutionConfigurationPlatforms) = preSolution
		Debug|Any CPU = Debug|Any CPU
		Release|Any CPU = Release|Any CPU
	EndGlobalSection
	GlobalSection(ProjectConfigurationPlatforms) = postSolution
		{7F0C21E3-A1AA-4E67-B889-8D4EF87FA852}.Debug|Any CPU.ActiveCfg = Debug|Any CPU
		{7F0C21E3-A1AA-4E67-B889-8D4EF87FA852}.Debug|Any CPU.Build.0 = Debug|Any CPU
		{7F0C21E3-A1AA-4E67-B889-8D4EF87FA852}.Release|Any CPU.ActiveCfg = Release|Any CPU
		{7F0C21E3-A1AA-4E67-B889-8D4EF87FA852}.Release|Any CPU.Build.0 = Release|Any CPU
	EndGlobalSection
	GlobalSection(SolutionProperties) = preSolution
		HideSolutionNode = FALSE
	EndGlobalSection
	GlobalSection(ExtensibilityGlobals) = postSolution
		SolutionGuid = {8C628550-D971-486A-8786-E5B8190ADCAC}
	EndGlobalSection
EndGlobal
